PODS:
  - camera_avfoundation (0.0.1):
    - Flutter
  - Flutter (1.0.0)
  - flutter_doclayout_kit (0.0.1):
    - Flutter
  - image_picker_ios (0.0.1):
    - Flutter
  - path_provider_foundation (0.0.1):
    - Flutter
    - FlutterMacOS
  - share_plus (0.0.1):
    - Flutter
  - webview_flutter_wkwebview (0.0.1):
    - Flutter
    - FlutterMacOS

DEPENDENCIES:
  - camera_avfoundation (from `.symlinks/plugins/camera_avfoundation/ios`)
  - Flutter (from `Flutter`)
  - flutter_doclayout_kit (from `.symlinks/plugins/flutter_doclayout_kit/ios`)
  - image_picker_ios (from `.symlinks/plugins/image_picker_ios/ios`)
  - path_provider_foundation (from `.symlinks/plugins/path_provider_foundation/darwin`)
  - share_plus (from `.symlinks/plugins/share_plus/ios`)
  - webview_flutter_wkwebview (from `.symlinks/plugins/webview_flutter_wkwebview/darwin`)

EXTERNAL SOURCES:
  camera_avfoundation:
    :path: ".symlinks/plugins/camera_avfoundation/ios"
  Flutter:
    :path: Flutter
  flutter_doclayout_kit:
    :path: ".symlinks/plugins/flutter_doclayout_kit/ios"
  image_picker_ios:
    :path: ".symlinks/plugins/image_picker_ios/ios"
  path_provider_foundation:
    :path: ".symlinks/plugins/path_provider_foundation/darwin"
  share_plus:
    :path: ".symlinks/plugins/share_plus/ios"
  webview_flutter_wkwebview:
    :path: ".symlinks/plugins/webview_flutter_wkwebview/darwin"

SPEC CHECKSUMS:
  camera_avfoundation: be3be85408cd4126f250386828e9b1dfa40ab436
  Flutter: e0871f40cf51350855a761d2e70bf5af5b9b5de7
  flutter_doclayout_kit: 0b62a46592e860d9fd75ad1fc9f53f8bee75980f
  image_picker_ios: 7fe1ff8e34c1790d6fff70a32484959f563a928a
  path_provider_foundation: 080d55be775b7414fd5a5ef3ac137b97b097e564
  share_plus: 50da8cb520a8f0f65671c6c6a99b3617ed10a58a
  webview_flutter_wkwebview: 1821ceac936eba6f7984d89a9f3bcb4dea99ebb2

PODFILE CHECKSUM: 6a06da64dabd2d0b3d19d2d2cc912502cc51aa45

COCOAPODS: 1.16.2
